
Microsoft Visual Studio Solution File, Format Version 12.00
# Visual Studio Version 16
VisualStudioVersion = 16.0.31205.134
MinimumVisualStudioVersion = 10.0.40219.1
Project("{FAE04EC0-301F-11D3-BF4B-00C04F79EFBC}") = "Inheritence_Test", "Inheritence_Test\Inheritence_Test.csproj", "{7CC47472-DF80-44D5-B3BA-275F43E4F916}"
EndProject
Global
	GlobalSection(SolutionConfigurationPlatforms) = preSolution
		Debug|Any CPU = Debug|Any CPU
		Release|Any CPU = Release|Any CPU
	EndGlobalSection
	GlobalSection(ProjectConfigurationPlatforms) = postSolution
		{7CC47472-DF80-44D5-B3BA-275F43E4F916}.Debug|Any CPU.ActiveCfg = Debug|Any CPU
		{7CC47472-DF80-44D5-B3BA-275F43E4F916}.Debug|Any CPU.Build.0 = Debug|Any CPU
		{7CC47472-DF80-44D5-B3BA-275F43E4F916}.Release|Any CPU.ActiveCfg = Release|Any CPU
		{7CC47472-DF80-44D5-B3BA-275F43E4F916}.Release|Any CPU.Build.0 = Release|Any CPU
	EndGlobalSection
	GlobalSection(SolutionProperties) = preSolution
		HideSolutionNode = FALSE
	EndGlobalSection
	GlobalSection(ExtensibilityGlobals) = postSolution
		SolutionGuid = {61F77B13-96FE-4244-9F6B-B9F9A1F8CA86}
	EndGlobalSection
EndGlobal
